
Microsoft Visual Studio Solution File, Format Version 12.00
# Visual Studio Version 17
VisualStudioVersion = 17.8.34309.116
MinimumVisualStudioVersion = 10.0.40219.1
Project("{9A19103F-16F7-4668-BE54-9A1E7A4F7556}") = "Transact_Mvc", "Transact_Mvc\Transact_Mvc.csproj", "{50722859-A35B-4000-BFDB-20BDFDE67A6E}"
EndProject
Global
	GlobalSection(SolutionConfigurationPlatforms) = preSolution
		Debug|Any CPU = Debug|Any CPU
		Release|Any CPU = Release|Any CPU
	EndGlobalSection
	GlobalSection(ProjectConfigurationPlatforms) = postSolution
		{50722859-A35B-4000-BFDB-20BDFDE67A6E}.Debug|Any CPU.ActiveCfg = Debug|Any CPU
		{50722859-A35B-4000-BFDB-20BDFDE67A6E}.Debug|Any CPU.Build.0 = Debug|Any CPU
		{50722859-A35B-4000-BFDB-20BDFDE67A6E}.Release|Any CPU.ActiveCfg = Release|Any CPU
		{50722859-A35B-4000-BFDB-20BDFDE67A6E}.Release|Any CPU.Build.0 = Release|Any CPU
	EndGlobalSection
	GlobalSection(SolutionProperties) = preSolution
		HideSolutionNode = FALSE
	EndGlobalSection
	GlobalSection(ExtensibilityGlobals) = postSolution
		SolutionGuid = {9F287D53-38E1-4A0A-BC0B-2FD3BFA31B83}
	EndGlobalSection
EndGlobal
